
Microsoft Visual Studio Solution File, Format Version 12.00
# Visual Studio Version 16
VisualStudioVersion = 16.0.34729.46
MinimumVisualStudioVersion = 10.0.40219.1
Project("{FAE04EC0-301F-11D3-BF4B-00C04F79EFBC}") = "Singleton", "Singleton\Singleton.csproj", "{0DD48A30-2269-477F-8AEF-189583B95D91}"
EndProject
Global
	GlobalSection(SolutionConfigurationPlatforms) = preSolution
		Debug|Any CPU = Debug|Any CPU
		Release|Any CPU = Release|Any CPU
	EndGlobalSection
	GlobalSection(ProjectConfigurationPlatforms) = postSolution
		{0DD48A30-2269-477F-8AEF-189583B95D91}.Debug|Any CPU.ActiveCfg = Debug|Any CPU
		{0DD48A30-2269-477F-8AEF-189583B95D91}.Debug|Any CPU.Build.0 = Debug|Any CPU
		{0DD48A30-2269-477F-8AEF-189583B95D91}.Release|Any CPU.ActiveCfg = Release|Any CPU
		{0DD48A30-2269-477F-8AEF-189583B95D91}.Release|Any CPU.Build.0 = Release|Any CPU
	EndGlobalSection
	GlobalSection(SolutionProperties) = preSolution
		HideSolutionNode = FALSE
	EndGlobalSection
	GlobalSection(ExtensibilityGlobals) = postSolution
		SolutionGuid = {42AC0950-BE07-4FFB-B304-DD72CA5F4893}
	EndGlobalSection
EndGlobal
